# THIS IS AN AUTOGENERATED FILE. DO NOT EDIT THIS FILE DIRECTLY.
# yarn lockfile v1


"@gd-com/utils@^4.1.4":
  version "4.1.4"
  resolved "https://registry.yarnpkg.com/@gd-com/utils/-/utils-4.1.4.tgz#86e5cde13f34ef4d6aec1cfa7f49f2e083d832fc"
  integrity sha512-fwo4fjVc4WoN1Wg4FdktMWaOoTBwBKrX1RtmgQsb0mQSPkaWMsLM72kHiYRsdNu3u8yz8vjXDoMH0wsgpL59LA==
  dependencies:
    long "^5.2.0"

long@^5.2.0:
  version "5.2.0"
  resolved "https://registry.yarnpkg.com/long/-/long-5.2.0.tgz#2696dadf4b4da2ce3f6f6b89186085d94d52fd61"
  integrity sha512-9RTUNjK60eJbx3uz+TEGF7fUr29ZDxR5QzXcyDpeSfeH28S9ycINflOgOlppit5U+4kNTe83KQnMEerw7GmE8w==
