# THIS IS AN AUTOGENERATED FILE. DO NOT EDIT THIS FILE DIRECTLY.
# yarn lockfile v1


"@gd-com/utils@^5.0.0":
  version "5.0.0"
  resolved "https://registry.yarnpkg.com/@gd-com/utils/-/utils-5.0.0.tgz#510de74fdf634648d933ffaa2b925968b4511d3a"
  integrity sha512-gddq0BoZVtL/IfldtPxk5HH0n6PAPNG9W0FGKIh/u4V1jo8SJpsynAiE1xOQn5PoZ8Bljr/stnO+zkg1DY3aVw==
  dependencies:
    long "^5.2.0"

long@^5.2.0:
  version "5.2.1"
  resolved "https://registry.yarnpkg.com/long/-/long-5.2.1.tgz#e27595d0083d103d2fa2c20c7699f8e0c92b897f"
  integrity sha512-GKSNGeNAtw8IryjjkhZxuKB3JzlcLTwjtiQCHKvqQet81I93kXslhDQruGI/QsddO83mcDToBVy7GqGS/zYf/A==
